<Solution>
    <Folder Name="/Items/">
        <File Path=".gitignore" />
        <File Path="LICENSE.txt" />
        <File Path="LICENSING-NOTES.md" />
        <File Path="README.md" />
        <File Path="SECURITY.md" />
    </Folder>
    <Folder Name="/Items/Assets/">
        <File Path="assets/logo.svg" />
        <File Path="assets/logo-nightly.svg" />
        <File Path="assets/logo-flat.svg" />
    </Folder>
    <Folder Name="/Items/GitHub Setup/">
        <File Path=".github/CODEOWNERS" />
        <File Path=".github/dependabot.yml" />
        <File Path=".github/FUNDING.yml" />
    </Folder>
    <Folder Name="/Items/GitHub Setup/Workflows/">
        <File Path=".github/workflows/ci.yml" />
        <File Path=".github/workflows/release.yml" />
    </Folder>
    <Folder Name="/Properties/">
        <File Path="Directory.Build.props" />
        <File Path="Directory.Packages.props" />
    </Folder>
    <Folder Name="/Source/">
	   	<Project Path="src/core/waveIDE.Common/waveIDE.Common.csproj" />
        <Project Path="src/launcher/waveIDE.csproj" />
    </Folder>
    <Folder Name="/Source/waveSDK/">
        <Project Path="src/sdk/waveSDK.APIs/waveSDK.APIs.csproj" />
        <Project Path="src/sdk/waveSDK.Runtime/waveSDK.Runtime.csproj" />
	</Folder>
    <Folder Name="/Source/waveEXT/">
	    <Project Path="src/ext/waveEXT.Plugins.Lifecycle/waveEXT.Plugins.Lifecycle.csproj" />
        <Project Path="src/ext/waveEXT.Plugins.Manifest/waveEXT.Plugins.Manifest.csproj" />
	    <Project Path="src/ext/waveEXT.Protocol.AotCompatibility/waveEXT.Protocol.AotCompatibility.csproj" />
	    <Project Path="src/ext/waveEXT.Protocol.Transport/waveEXT.Protocol.Transport.csproj" />
    </Folder>
    <Folder Name="/Source/Engine/" />
    <Folder Name="/Source/UI/">
        <Project Path="src/ui/waveIDE.UI.Desktop/waveIDE.UI.Desktop.csproj" />
    </Folder>
    <Folder Name="/Tests/" />
    <Folder Name="/Tests/waveEXT/">
        <Project Path="tests/ext/waveEXT.IpcTestClientLauncher/waveEXT.IpcTestClientLauncher.csproj" />
        <Project Path="tests/ext/waveEXT.IpcTestServerLauncher/waveEXT.IpcTestServerLauncher.csproj" />
    </Folder>
</Solution>
